
Microsoft Visual Studio Solution File, Format Version 12.00
# Visual Studio Version 16
VisualStudioVersion = 16.0.30320.27
MinimumVisualStudioVersion = 10.0.40219.1
Project("{9A19103F-16F7-4668-BE54-9A1E7A4F7556}") = "VotingApp", "VotingApp\VotingApp.csproj", "{70DF1046-AAB8-43B5-8AA3-07A163180A10}"
EndProject
Global
	GlobalSection(SolutionConfigurationPlatforms) = preSolution
		Debug|Any CPU = Debug|Any CPU
		Release|Any CPU = Release|Any CPU
	EndGlobalSection
	GlobalSection(ProjectConfigurationPlatforms) = postSolution
		{70DF1046-AAB8-43B5-8AA3-07A163180A10}.Debug|Any CPU.ActiveCfg = Debug|Any CPU
		{70DF1046-AAB8-43B5-8AA3-07A163180A10}.Debug|Any CPU.Build.0 = Debug|Any CPU
		{70DF1046-AAB8-43B5-8AA3-07A163180A10}.Release|Any CPU.ActiveCfg = Release|Any CPU
		{70DF1046-AAB8-43B5-8AA3-07A163180A10}.Release|Any CPU.Build.0 = Release|Any CPU
	EndGlobalSection
	GlobalSection(SolutionProperties) = preSolution
		HideSolutionNode = FALSE
	EndGlobalSection
	GlobalSection(ExtensibilityGlobals) = postSolution
		SolutionGuid = {F69F8FD0-2460-43D1-9197-95B42F13EC2E}
	EndGlobalSection
EndGlobal
